
Microsoft Visual Studio Solution File, Format Version 12.00
# Visual Studio Version 17
VisualStudioVersion = 17.7.34009.444
MinimumVisualStudioVersion = 10.0.40219.1
Project("{9A19103F-16F7-4668-BE54-9A1E7A4F7556}") = "ExpenSpend.Web", "ExpenSpend.Web\ExpenSpend.Web.csproj", "{F9F5D600-82C3-4558-BD4C-9312D5A334F4}"
EndProject
Project("{9A19103F-16F7-4668-BE54-9A1E7A4F7556}") = "ExpenSpend.Domain", "ExpenSpend.Domain\ExpenSpend.Domain.csproj", "{B95F191F-E2D9-417C-BA77-9A89C6269DB0}"
EndProject
Project("{9A19103F-16F7-4668-BE54-9A1E7A4F7556}") = "ExpenSpend.Core", "ExpenSpend.Core\ExpenSpend.Core.csproj", "{C128F2A0-FB1D-4030-8D8A-521329EB76B7}"
EndProject
Project("{9A19103F-16F7-4668-BE54-9A1E7A4F7556}") = "ExpenSpend.Repository", "ExpenSpend.Repository\ExpenSpend.Repository.csproj", "{D308FC3E-DB27-43A2-A2E5-73FCC14CD7A5}"
EndProject
Project("{9A19103F-16F7-4668-BE54-9A1E7A4F7556}") = "ExpenSpend.Domain.Shared", "ExpenSpend.Domain.Shared\ExpenSpend.Domain.Shared.csproj", "{FDDDDFF8-61E3-4BBC-A2C2-3EE29C790918}"
EndProject
Project("{9A19103F-16F7-4668-BE54-9A1E7A4F7556}") = "ExpenSpend.Service", "ExpenSpend.Service\ExpenSpend.Service.csproj", "{5F859B3A-DF03-4B00-860C-9CF4A87A427F}"
EndProject
Global
	GlobalSection(SolutionConfigurationPlatforms) = preSolution
		Debug|Any CPU = Debug|Any CPU
		Release|Any CPU = Release|Any CPU
	EndGlobalSection
	GlobalSection(ProjectConfigurationPlatforms) = postSolution
		{F9F5D600-82C3-4558-BD4C-9312D5A334F4}.Debug|Any CPU.ActiveCfg = Debug|Any CPU
		{F9F5D600-82C3-4558-BD4C-9312D5A334F4}.Debug|Any CPU.Build.0 = Debug|Any CPU
		{F9F5D600-82C3-4558-BD4C-9312D5A334F4}.Release|Any CPU.ActiveCfg = Release|Any CPU
		{F9F5D600-82C3-4558-BD4C-9312D5A334F4}.Release|Any CPU.Build.0 = Release|Any CPU
		{B95F191F-E2D9-417C-BA77-9A89C6269DB0}.Debug|Any CPU.ActiveCfg = Debug|Any CPU
		{B95F191F-E2D9-417C-BA77-9A89C6269DB0}.Debug|Any CPU.Build.0 = Debug|Any CPU
		{B95F191F-E2D9-417C-BA77-9A89C6269DB0}.Release|Any CPU.ActiveCfg = Release|Any CPU
		{B95F191F-E2D9-417C-BA77-9A89C6269DB0}.Release|Any CPU.Build.0 = Release|Any CPU
		{C128F2A0-FB1D-4030-8D8A-521329EB76B7}.Debug|Any CPU.ActiveCfg = Debug|Any CPU
		{C128F2A0-FB1D-4030-8D8A-521329EB76B7}.Debug|Any CPU.Build.0 = Debug|Any CPU
		{C128F2A0-FB1D-4030-8D8A-521329EB76B7}.Release|Any CPU.ActiveCfg = Release|Any CPU
		{C128F2A0-FB1D-4030-8D8A-521329EB76B7}.Release|Any CPU.Build.0 = Release|Any CPU
		{D308FC3E-DB27-43A2-A2E5-73FCC14CD7A5}.Debug|Any CPU.ActiveCfg = Debug|Any CPU
		{D308FC3E-DB27-43A2-A2E5-73FCC14CD7A5}.Debug|Any CPU.Build.0 = Debug|Any CPU
		{D308FC3E-DB27-43A2-A2E5-73FCC14CD7A5}.Release|Any CPU.ActiveCfg = Release|Any CPU
		{D308FC3E-DB27-43A2-A2E5-73FCC14CD7A5}.Release|Any CPU.Build.0 = Release|Any CPU
		{FDDDDFF8-61E3-4BBC-A2C2-3EE29C790918}.Debug|Any CPU.ActiveCfg = Debug|Any CPU
		{FDDDDFF8-61E3-4BBC-A2C2-3EE29C790918}.Debug|Any CPU.Build.0 = Debug|Any CPU
		{FDDDDFF8-61E3-4BBC-A2C2-3EE29C790918}.Release|Any CPU.ActiveCfg = Release|Any CPU
		{FDDDDFF8-61E3-4BBC-A2C2-3EE29C790918}.Release|Any CPU.Build.0 = Release|Any CPU
		{5F859B3A-DF03-4B00-860C-9CF4A87A427F}.Debug|Any CPU.ActiveCfg = Debug|Any CPU
		{5F859B3A-DF03-4B00-860C-9CF4A87A427F}.Debug|Any CPU.Build.0 = Debug|Any CPU
		{5F859B3A-DF03-4B00-860C-9CF4A87A427F}.Release|Any CPU.ActiveCfg = Release|Any CPU
		{5F859B3A-DF03-4B00-860C-9CF4A87A427F}.Release|Any CPU.Build.0 = Release|Any CPU
	EndGlobalSection
	GlobalSection(SolutionProperties) = preSolution
		HideSolutionNode = FALSE
	EndGlobalSection
	GlobalSection(ExtensibilityGlobals) = postSolution
		SolutionGuid = {2F2180E1-6096-4F9B-B2B1-698162C154BF}
	EndGlobalSection
EndGlobal
